<?xml version="1.0" encoding="utf-8"?>
<Project ToolsVersion="4.0" xmlns="http://schemas.microsoft.com/developer/msbuild/2003">
  <ItemGroup>
    <Filter Include="源文件">
      <UniqueIdentifier>{4FC737F1-C7A5-4376-A066-2A32D752A2FF}</UniqueIdentifier>
      <Extensions>cpp;c;cc;cxx;c++;cppm;ixx;def;odl;idl;hpj;bat;asm;asmx</Extensions>
    </Filter>
    <Filter Include="头文件">
      <UniqueIdentifier>{93995380-89BD-4b04-88EB-625FBE52EBFB}</UniqueIdentifier>
      <Extensions>h;hh;hpp;hxx;h++;hm;inl;inc;ipp;xsd</Extensions>
    </Filter>
    <Filter Include="资源文件">
      <UniqueIdentifier>{67DA6AB6-F800-4c08-8B7A-83BB121AAD01}</UniqueIdentifier>
      <Extensions>rc;ico;cur;bmp;dlg;rc2;rct;bin;rgs;gif;jpg;jpeg;jpe;resx;tiff;tif;png;wav;mfcribbon-ms</Extensions>
    </Filter>
  </ItemGroup>
  <ItemGroup>
    <ClInclude Include="RHIDevice.h">
      <Filter>头文件</Filter>
    </ClInclude>
    <ClInclude Include="Backend\OpenGL\Buffer\OpenGLFrameBuffer.h">
      <Filter>头文件</Filter>
    </ClInclude>
    <ClInclude Include="Backend\OpenGL\Buffer\OpenGLIndexBuffer.h">
      <Filter>头文件</Filter>
    </ClInclude>
    <ClInclude Include="Backend\OpenGL\Buffer\OpenGLShaderStorageBuffer.h">
      <Filter>头文件</Filter>
    </ClInclude>
    <ClInclude Include="Backend\OpenGL\Buffer\OpenGLUniformBuffer.h">
      <Filter>头文件</Filter>
    </ClInclude>
    <ClInclude Include="Backend\OpenGL\Buffer\OpenGLVertexArray.h">
      <Filter>头文件</Filter>
    </ClInclude>
    <ClInclude Include="Backend\OpenGL\Buffer\OpenGLVertexBuffer.h">
      <Filter>头文件</Filter>
    </ClInclude>
    <ClInclude Include="Backend\OpenGL\Shader\OpenGLShader.h">
      <Filter>头文件</Filter>
    </ClInclude>
    <ClInclude Include="Backend\OpenGL\Texture\OpenGLTexture2D.h">
      <Filter>头文件</Filter>
    </ClInclude>
    <ClInclude Include="Backend\OpenGL\Texture\OpenGLTextureCubemap.h">
      <Filter>头文件</Filter>
    </ClInclude>
    <ClInclude Include="Frontend\Buffer\FrameBuffer.h">
      <Filter>头文件</Filter>
    </ClInclude>
    <ClInclude Include="Frontend\Buffer\IndexBuffer.h">
      <Filter>头文件</Filter>
    </ClInclude>
    <ClInclude Include="Frontend\Buffer\ShaderStorageBuffer.h">
      <Filter>头文件</Filter>
    </ClInclude>
    <ClInclude Include="Frontend\Buffer\UniformBuffer.h">
      <Filter>头文件</Filter>
    </ClInclude>
    <ClInclude Include="Frontend\Buffer\VertexArray.h">
      <Filter>头文件</Filter>
    </ClInclude>
    <ClInclude Include="Frontend\Buffer\VertexBuffer.h">
      <Filter>头文件</Filter>
    </ClInclude>
    <ClInclude Include="Frontend\Shader\Shader.h">
      <Filter>头文件</Filter>
    </ClInclude>
    <ClInclude Include="Frontend\Texture\Texture.h">
      <Filter>头文件</Filter>
    </ClInclude>
    <ClInclude Include="Frontend\Texture\Texture2D.h">
      <Filter>头文件</Filter>
    </ClInclude>
    <ClInclude Include="Frontend\Texture\TextureCubemap.h">
      <Filter>头文件</Filter>
    </ClInclude>
    <ClInclude Include="Common\Identifier.h">
      <Filter>头文件</Filter>
    </ClInclude>
    <ClInclude Include="Layout\BufferElement.h">
      <Filter>头文件</Filter>
    </ClInclude>
    <ClInclude Include="Layout\BufferLayout.h">
      <Filter>头文件</Filter>
    </ClInclude>
    <ClInclude Include="Common\ShaderType.h">
      <Filter>头文件</Filter>
    </ClInclude>
    <ClInclude Include="Common\ShaderVariableType.h">
      <Filter>头文件</Filter>
    </ClInclude>
    <ClInclude Include="Common\TextureType.h">
      <Filter>头文件</Filter>
    </ClInclude>
    <ClInclude Include="Common\TextureUsage.h">
      <Filter>头文件</Filter>
    </ClInclude>
    <ClInclude Include="Common\TextureCubemapFace.h">
      <Filter>头文件</Filter>
    </ClInclude>
    <ClInclude Include="Common\MeshType.h">
      <Filter>头文件</Filter>
    </ClInclude>
    <ClInclude Include="Common\BindPoint.h">
      <Filter>头文件</Filter>
    </ClInclude>
    <ClInclude Include="Common\FrameBufferSpecification.h">
      <Filter>头文件</Filter>
    </ClInclude>
    <ClInclude Include="Common\FuncTable.h">
      <Filter>头文件</Filter>
    </ClInclude>
  </ItemGroup>
  <ItemGroup>
    <ClCompile Include="Frontend\Buffer\FrameBuffer.cpp">
      <Filter>源文件</Filter>
    </ClCompile>
    <ClCompile Include="Frontend\Buffer\IndexBuffer.cpp">
      <Filter>源文件</Filter>
    </ClCompile>
    <ClCompile Include="Frontend\Buffer\ShaderStorageBuffer.cpp">
      <Filter>源文件</Filter>
    </ClCompile>
    <ClCompile Include="Frontend\Buffer\UniformBuffer.cpp">
      <Filter>源文件</Filter>
    </ClCompile>
    <ClCompile Include="Frontend\Buffer\VertexArray.cpp">
      <Filter>源文件</Filter>
    </ClCompile>
    <ClCompile Include="Frontend\Buffer\VertexBuffer.cpp">
      <Filter>源文件</Filter>
    </ClCompile>
    <ClCompile Include="Frontend\Shader\Shader.cpp">
      <Filter>源文件</Filter>
    </ClCompile>
    <ClCompile Include="Frontend\Texture\Texture2D.cpp">
      <Filter>源文件</Filter>
    </ClCompile>
    <ClCompile Include="Frontend\Texture\TextureCubemap.cpp">
      <Filter>源文件</Filter>
    </ClCompile>
    <ClCompile Include="RHIDevice.cpp">
      <Filter>源文件</Filter>
    </ClCompile>
  </ItemGroup>
</Project>