
Microsoft Visual Studio Solution File, Format Version 12.00
# Visual Studio Version 17
VisualStudioVersion = 17.14.36811.4
MinimumVisualStudioVersion = 10.0.40219.1
Project("{8BC9CEB8-8B4A-11D0-8D11-00A0C91BC942}") = "Application", "Application\Application.vcxproj", "{500A9CEE-C767-46EE-8AAE-46F11D726E56}"
	ProjectSection(ProjectDependencies) = postProject
		{67E8A55F-5B75-40F3-A286-D0F0476D7AE1} = {67E8A55F-5B75-40F3-A286-D0F0476D7AE1}
	EndProjectSection
EndProject
Project("{8BC9CEB8-8B4A-11D0-8D11-00A0C91BC942}") = "Engine", "Engine\Engine.vcxproj", "{67E8A55F-5B75-40F3-A286-D0F0476D7AE1}"
	ProjectSection(ProjectDependencies) = postProject
		{00679693-1789-4FEF-854F-1FE79DCD73BE} = {00679693-1789-4FEF-854F-1FE79DCD73BE}
		{06135AF6-9D89-4918-B712-6499BB21AFD0} = {06135AF6-9D89-4918-B712-6499BB21AFD0}
		{0ACA4AC4-35B0-439F-BB19-51B3DDB23C67} = {0ACA4AC4-35B0-439F-BB19-51B3DDB23C67}
		{118D88E5-A8F8-4C9D-8C42-0F1F02198E69} = {118D88E5-A8F8-4C9D-8C42-0F1F02198E69}
		{24E7FCFD-FA4D-4A43-91B1-FA63DDB819F8} = {24E7FCFD-FA4D-4A43-91B1-FA63DDB819F8}
		{288DAFA3-96FB-454D-BFE1-BFA970709FF5} = {288DAFA3-96FB-454D-BFE1-BFA970709FF5}
		{3F0E2515-A520-4B68-B872-141DA2B0E3E2} = {3F0E2515-A520-4B68-B872-141DA2B0E3E2}
		{4B850D5B-F51F-4A8A-9587-6358B47496C0} = {4B850D5B-F51F-4A8A-9587-6358B47496C0}
		{5F20E57D-3821-4462-BF9A-65A4C8673B04} = {5F20E57D-3821-4462-BF9A-65A4C8673B04}
		{8CBE6309-804F-4D43-850A-B6CA93F1E6FC} = {8CBE6309-804F-4D43-850A-B6CA93F1E6FC}
		{941B0B79-FE8C-4E53-9F9E-D4FFB7F83763} = {941B0B79-FE8C-4E53-9F9E-D4FFB7F83763}
		{9FE0CC0B-018F-4F52-BFE6-E2ED6E77264A} = {9FE0CC0B-018F-4F52-BFE6-E2ED6E77264A}
		{B22DD8CC-5AD2-49AC-95E6-808F4A5306DE} = {B22DD8CC-5AD2-49AC-95E6-808F4A5306DE}
		{C76CA62F-6CB1-446C-A7E7-3ADCE525B805} = {C76CA62F-6CB1-446C-A7E7-3ADCE525B805}
		{D0A5DF8F-1D86-4C60-9784-D84706BBA43F} = {D0A5DF8F-1D86-4C60-9784-D84706BBA43F}
		{DA7C790A-7847-479B-9724-7D45EAC8AD08} = {DA7C790A-7847-479B-9724-7D45EAC8AD08}
		{F726D98B-6166-4A7C-93AB-E489B96C553E} = {F726D98B-6166-4A7C-93AB-E489B96C553E}
		{FA70E908-91BC-495C-9512-A3FBBA0CAC67} = {FA70E908-91BC-495C-9512-A3FBBA0CAC67}
	EndProjectSection
EndProject
Project("{8BC9CEB8-8B4A-11D0-8D11-00A0C91BC942}") = "Core", "Core\Core.vcxproj", "{B22DD8CC-5AD2-49AC-95E6-808F4A5306DE}"
EndProject
Project("{8BC9CEB8-8B4A-11D0-8D11-00A0C91BC942}") = "Context", "Context\Context.vcxproj", "{24E7FCFD-FA4D-4A43-91B1-FA63DDB819F8}"
	ProjectSection(ProjectDependencies) = postProject
		{B22DD8CC-5AD2-49AC-95E6-808F4A5306DE} = {B22DD8CC-5AD2-49AC-95E6-808F4A5306DE}
	EndProjectSection
EndProject
Project("{8BC9CEB8-8B4A-11D0-8D11-00A0C91BC942}") = "Time", "Time\Time.vcxproj", "{0ACA4AC4-35B0-439F-BB19-51B3DDB23C67}"
	ProjectSection(ProjectDependencies) = postProject
		{24E7FCFD-FA4D-4A43-91B1-FA63DDB819F8} = {24E7FCFD-FA4D-4A43-91B1-FA63DDB819F8}
		{B22DD8CC-5AD2-49AC-95E6-808F4A5306DE} = {B22DD8CC-5AD2-49AC-95E6-808F4A5306DE}
		{D0A5DF8F-1D86-4C60-9784-D84706BBA43F} = {D0A5DF8F-1D86-4C60-9784-D84706BBA43F}
	EndProjectSection
EndProject
Project("{8BC9CEB8-8B4A-11D0-8D11-00A0C91BC942}") = "Log", "Log\Log.vcxproj", "{9FE0CC0B-018F-4F52-BFE6-E2ED6E77264A}"
	ProjectSection(ProjectDependencies) = postProject
		{24E7FCFD-FA4D-4A43-91B1-FA63DDB819F8} = {24E7FCFD-FA4D-4A43-91B1-FA63DDB819F8}
		{B22DD8CC-5AD2-49AC-95E6-808F4A5306DE} = {B22DD8CC-5AD2-49AC-95E6-808F4A5306DE}
	EndProjectSection
EndProject
Project("{8BC9CEB8-8B4A-11D0-8D11-00A0C91BC942}") = "Thread", "Thread\Thread.vcxproj", "{F726D98B-6166-4A7C-93AB-E489B96C553E}"
	ProjectSection(ProjectDependencies) = postProject
		{24E7FCFD-FA4D-4A43-91B1-FA63DDB819F8} = {24E7FCFD-FA4D-4A43-91B1-FA63DDB819F8}
		{B22DD8CC-5AD2-49AC-95E6-808F4A5306DE} = {B22DD8CC-5AD2-49AC-95E6-808F4A5306DE}
	EndProjectSection
EndProject
Project("{8BC9CEB8-8B4A-11D0-8D11-00A0C91BC942}") = "Event", "Event\Event.vcxproj", "{C76CA62F-6CB1-446C-A7E7-3ADCE525B805}"
	ProjectSection(ProjectDependencies) = postProject
		{24E7FCFD-FA4D-4A43-91B1-FA63DDB819F8} = {24E7FCFD-FA4D-4A43-91B1-FA63DDB819F8}
		{B22DD8CC-5AD2-49AC-95E6-808F4A5306DE} = {B22DD8CC-5AD2-49AC-95E6-808F4A5306DE}
	EndProjectSection
EndProject
Project("{8BC9CEB8-8B4A-11D0-8D11-00A0C91BC942}") = "Input", "Input\Input.vcxproj", "{8CBE6309-804F-4D43-850A-B6CA93F1E6FC}"
	ProjectSection(ProjectDependencies) = postProject
		{24E7FCFD-FA4D-4A43-91B1-FA63DDB819F8} = {24E7FCFD-FA4D-4A43-91B1-FA63DDB819F8}
		{B22DD8CC-5AD2-49AC-95E6-808F4A5306DE} = {B22DD8CC-5AD2-49AC-95E6-808F4A5306DE}
	EndProjectSection
EndProject
Project("{8BC9CEB8-8B4A-11D0-8D11-00A0C91BC942}") = "Task", "Task\Task.vcxproj", "{118D88E5-A8F8-4C9D-8C42-0F1F02198E69}"
	ProjectSection(ProjectDependencies) = postProject
		{24E7FCFD-FA4D-4A43-91B1-FA63DDB819F8} = {24E7FCFD-FA4D-4A43-91B1-FA63DDB819F8}
		{B22DD8CC-5AD2-49AC-95E6-808F4A5306DE} = {B22DD8CC-5AD2-49AC-95E6-808F4A5306DE}
	EndProjectSection
EndProject
Project("{8BC9CEB8-8B4A-11D0-8D11-00A0C91BC942}") = "Config", "Config\Config.vcxproj", "{288DAFA3-96FB-454D-BFE1-BFA970709FF5}"
	ProjectSection(ProjectDependencies) = postProject
		{02E6F1FC-6085-4CD8-93BD-FCEF71035F66} = {02E6F1FC-6085-4CD8-93BD-FCEF71035F66}
		{24E7FCFD-FA4D-4A43-91B1-FA63DDB819F8} = {24E7FCFD-FA4D-4A43-91B1-FA63DDB819F8}
		{B22DD8CC-5AD2-49AC-95E6-808F4A5306DE} = {B22DD8CC-5AD2-49AC-95E6-808F4A5306DE}
	EndProjectSection
EndProject
Project("{8BC9CEB8-8B4A-11D0-8D11-00A0C91BC942}") = "Serialize", "Serialize\Serialize.vcxproj", "{02E6F1FC-6085-4CD8-93BD-FCEF71035F66}"
	ProjectSection(ProjectDependencies) = postProject
		{B22DD8CC-5AD2-49AC-95E6-808F4A5306DE} = {B22DD8CC-5AD2-49AC-95E6-808F4A5306DE}
	EndProjectSection
EndProject
Project("{8BC9CEB8-8B4A-11D0-8D11-00A0C91BC942}") = "Render", "Render\Render.vcxproj", "{FA70E908-91BC-495C-9512-A3FBBA0CAC67}"
	ProjectSection(ProjectDependencies) = postProject
		{24E7FCFD-FA4D-4A43-91B1-FA63DDB819F8} = {24E7FCFD-FA4D-4A43-91B1-FA63DDB819F8}
		{B22DD8CC-5AD2-49AC-95E6-808F4A5306DE} = {B22DD8CC-5AD2-49AC-95E6-808F4A5306DE}
		{D0A5DF8F-1D86-4C60-9784-D84706BBA43F} = {D0A5DF8F-1D86-4C60-9784-D84706BBA43F}
	EndProjectSection
EndProject
Project("{8BC9CEB8-8B4A-11D0-8D11-00A0C91BC942}") = "Window", "Window\Window.vcxproj", "{06135AF6-9D89-4918-B712-6499BB21AFD0}"
	ProjectSection(ProjectDependencies) = postProject
		{24E7FCFD-FA4D-4A43-91B1-FA63DDB819F8} = {24E7FCFD-FA4D-4A43-91B1-FA63DDB819F8}
		{B22DD8CC-5AD2-49AC-95E6-808F4A5306DE} = {B22DD8CC-5AD2-49AC-95E6-808F4A5306DE}
	EndProjectSection
EndProject
Project("{8BC9CEB8-8B4A-11D0-8D11-00A0C91BC942}") = "Physics", "Physics\Physics.vcxproj", "{3F0E2515-A520-4B68-B872-141DA2B0E3E2}"
	ProjectSection(ProjectDependencies) = postProject
		{24E7FCFD-FA4D-4A43-91B1-FA63DDB819F8} = {24E7FCFD-FA4D-4A43-91B1-FA63DDB819F8}
		{B22DD8CC-5AD2-49AC-95E6-808F4A5306DE} = {B22DD8CC-5AD2-49AC-95E6-808F4A5306DE}
	EndProjectSection
EndProject
Project("{8BC9CEB8-8B4A-11D0-8D11-00A0C91BC942}") = "GPU", "GPU\GPU.vcxproj", "{4B850D5B-F51F-4A8A-9587-6358B47496C0}"
	ProjectSection(ProjectDependencies) = postProject
		{24E7FCFD-FA4D-4A43-91B1-FA63DDB819F8} = {24E7FCFD-FA4D-4A43-91B1-FA63DDB819F8}
		{B22DD8CC-5AD2-49AC-95E6-808F4A5306DE} = {B22DD8CC-5AD2-49AC-95E6-808F4A5306DE}
	EndProjectSection
EndProject
Project("{8BC9CEB8-8B4A-11D0-8D11-00A0C91BC942}") = "Import", "Import\Import.vcxproj", "{70B24125-103F-475C-BE21-E84C3EF4307E}"
	ProjectSection(ProjectDependencies) = postProject
		{B22DD8CC-5AD2-49AC-95E6-808F4A5306DE} = {B22DD8CC-5AD2-49AC-95E6-808F4A5306DE}
	EndProjectSection
EndProject
Project("{8BC9CEB8-8B4A-11D0-8D11-00A0C91BC942}") = "Project", "Project\Project.vcxproj", "{00679693-1789-4FEF-854F-1FE79DCD73BE}"
	ProjectSection(ProjectDependencies) = postProject
		{24E7FCFD-FA4D-4A43-91B1-FA63DDB819F8} = {24E7FCFD-FA4D-4A43-91B1-FA63DDB819F8}
		{B22DD8CC-5AD2-49AC-95E6-808F4A5306DE} = {B22DD8CC-5AD2-49AC-95E6-808F4A5306DE}
	EndProjectSection
EndProject
Project("{8BC9CEB8-8B4A-11D0-8D11-00A0C91BC942}") = "Asset", "Asset\Asset.vcxproj", "{941B0B79-FE8C-4E53-9F9E-D4FFB7F83763}"
	ProjectSection(ProjectDependencies) = postProject
		{02E6F1FC-6085-4CD8-93BD-FCEF71035F66} = {02E6F1FC-6085-4CD8-93BD-FCEF71035F66}
		{24E7FCFD-FA4D-4A43-91B1-FA63DDB819F8} = {24E7FCFD-FA4D-4A43-91B1-FA63DDB819F8}
		{70B24125-103F-475C-BE21-E84C3EF4307E} = {70B24125-103F-475C-BE21-E84C3EF4307E}
		{B22DD8CC-5AD2-49AC-95E6-808F4A5306DE} = {B22DD8CC-5AD2-49AC-95E6-808F4A5306DE}
	EndProjectSection
EndProject
Project("{8BC9CEB8-8B4A-11D0-8D11-00A0C91BC942}") = "Editor", "Editor\Editor.vcxproj", "{DEF2EC0E-E176-45A4-B27E-EFC2DBF5EDCF}"
	ProjectSection(ProjectDependencies) = postProject
		{67E8A55F-5B75-40F3-A286-D0F0476D7AE1} = {67E8A55F-5B75-40F3-A286-D0F0476D7AE1}
	EndProjectSection
EndProject
Project("{8BC9CEB8-8B4A-11D0-8D11-00A0C91BC942}") = "Game", "Game\Game.vcxproj", "{DA7C790A-7847-479B-9724-7D45EAC8AD08}"
	ProjectSection(ProjectDependencies) = postProject
		{24E7FCFD-FA4D-4A43-91B1-FA63DDB819F8} = {24E7FCFD-FA4D-4A43-91B1-FA63DDB819F8}
		{B22DD8CC-5AD2-49AC-95E6-808F4A5306DE} = {B22DD8CC-5AD2-49AC-95E6-808F4A5306DE}
	EndProjectSection
EndProject
Project("{8BC9CEB8-8B4A-11D0-8D11-00A0C91BC942}") = "Script", "Script\Script.vcxproj", "{5F20E57D-3821-4462-BF9A-65A4C8673B04}"
	ProjectSection(ProjectDependencies) = postProject
		{24E7FCFD-FA4D-4A43-91B1-FA63DDB819F8} = {24E7FCFD-FA4D-4A43-91B1-FA63DDB819F8}
		{B22DD8CC-5AD2-49AC-95E6-808F4A5306DE} = {B22DD8CC-5AD2-49AC-95E6-808F4A5306DE}
	EndProjectSection
EndProject
Project("{8BC9CEB8-8B4A-11D0-8D11-00A0C91BC942}") = "Hook", "Hook\Hook.vcxproj", "{D0A5DF8F-1D86-4C60-9784-D84706BBA43F}"
EndProject
Project("{8BC9CEB8-8B4A-11D0-8D11-00A0C91BC942}") = "Plugin", "Plugin\Plugin.vcxproj", "{77D04749-3226-404C-9268-40B22481AD2A}"
EndProject
Global
	GlobalSection(SolutionConfigurationPlatforms) = preSolution
		Debug|x64 = Debug|x64
		Debug|x86 = Debug|x86
		Release|x64 = Release|x64
		Release|x86 = Release|x86
	EndGlobalSection
	GlobalSection(ProjectConfigurationPlatforms) = postSolution
		{500A9CEE-C767-46EE-8AAE-46F11D726E56}.Debug|x64.ActiveCfg = Debug|x64
		{500A9CEE-C767-46EE-8AAE-46F11D726E56}.Debug|x64.Build.0 = Debug|x64
		{500A9CEE-C767-46EE-8AAE-46F11D726E56}.Debug|x86.ActiveCfg = Debug|Win32
		{500A9CEE-C767-46EE-8AAE-46F11D726E56}.Debug|x86.Build.0 = Debug|Win32
		{500A9CEE-C767-46EE-8AAE-46F11D726E56}.Release|x64.ActiveCfg = Release|x64
		{500A9CEE-C767-46EE-8AAE-46F11D726E56}.Release|x64.Build.0 = Release|x64
		{500A9CEE-C767-46EE-8AAE-46F11D726E56}.Release|x86.ActiveCfg = Release|Win32
		{500A9CEE-C767-46EE-8AAE-46F11D726E56}.Release|x86.Build.0 = Release|Win32
		{67E8A55F-5B75-40F3-A286-D0F0476D7AE1}.Debug|x64.ActiveCfg = Debug|x64
		{67E8A55F-5B75-40F3-A286-D0F0476D7AE1}.Debug|x64.Build.0 = Debug|x64
		{67E8A55F-5B75-40F3-A286-D0F0476D7AE1}.Debug|x86.ActiveCfg = Debug|Win32
		{67E8A55F-5B75-40F3-A286-D0F0476D7AE1}.Debug|x86.Build.0 = Debug|Win32
		{67E8A55F-5B75-40F3-A286-D0F0476D7AE1}.Release|x64.ActiveCfg = Release|x64
		{67E8A55F-5B75-40F3-A286-D0F0476D7AE1}.Release|x64.Build.0 = Release|x64
		{67E8A55F-5B75-40F3-A286-D0F0476D7AE1}.Release|x86.ActiveCfg = Release|Win32
		{67E8A55F-5B75-40F3-A286-D0F0476D7AE1}.Release|x86.Build.0 = Release|Win32
		{B22DD8CC-5AD2-49AC-95E6-808F4A5306DE}.Debug|x64.ActiveCfg = Debug|x64
		{B22DD8CC-5AD2-49AC-95E6-808F4A5306DE}.Debug|x64.Build.0 = Debug|x64
		{B22DD8CC-5AD2-49AC-95E6-808F4A5306DE}.Debug|x86.ActiveCfg = Debug|Win32
		{B22DD8CC-5AD2-49AC-95E6-808F4A5306DE}.Debug|x86.Build.0 = Debug|Win32
		{B22DD8CC-5AD2-49AC-95E6-808F4A5306DE}.Release|x64.ActiveCfg = Release|x64
		{B22DD8CC-5AD2-49AC-95E6-808F4A5306DE}.Release|x64.Build.0 = Release|x64
		{B22DD8CC-5AD2-49AC-95E6-808F4A5306DE}.Release|x86.ActiveCfg = Release|Win32
		{B22DD8CC-5AD2-49AC-95E6-808F4A5306DE}.Release|x86.Build.0 = Release|Win32
		{24E7FCFD-FA4D-4A43-91B1-FA63DDB819F8}.Debug|x64.ActiveCfg = Debug|x64
		{24E7FCFD-FA4D-4A43-91B1-FA63DDB819F8}.Debug|x64.Build.0 = Debug|x64
		{24E7FCFD-FA4D-4A43-91B1-FA63DDB819F8}.Debug|x86.ActiveCfg = Debug|Win32
		{24E7FCFD-FA4D-4A43-91B1-FA63DDB819F8}.Debug|x86.Build.0 = Debug|Win32
		{24E7FCFD-FA4D-4A43-91B1-FA63DDB819F8}.Release|x64.ActiveCfg = Release|x64
		{24E7FCFD-FA4D-4A43-91B1-FA63DDB819F8}.Release|x64.Build.0 = Release|x64
		{24E7FCFD-FA4D-4A43-91B1-FA63DDB819F8}.Release|x86.ActiveCfg = Release|Win32
		{24E7FCFD-FA4D-4A43-91B1-FA63DDB819F8}.Release|x86.Build.0 = Release|Win32
		{0ACA4AC4-35B0-439F-BB19-51B3DDB23C67}.Debug|x64.ActiveCfg = Debug|x64
		{0ACA4AC4-35B0-439F-BB19-51B3DDB23C67}.Debug|x64.Build.0 = Debug|x64
		{0ACA4AC4-35B0-439F-BB19-51B3DDB23C67}.Debug|x86.ActiveCfg = Debug|Win32
		{0ACA4AC4-35B0-439F-BB19-51B3DDB23C67}.Debug|x86.Build.0 = Debug|Win32
		{0ACA4AC4-35B0-439F-BB19-51B3DDB23C67}.Release|x64.ActiveCfg = Release|x64
		{0ACA4AC4-35B0-439F-BB19-51B3DDB23C67}.Release|x64.Build.0 = Release|x64
		{0ACA4AC4-35B0-439F-BB19-51B3DDB23C67}.Release|x86.ActiveCfg = Release|Win32
		{0ACA4AC4-35B0-439F-BB19-51B3DDB23C67}.Release|x86.Build.0 = Release|Win32
		{9FE0CC0B-018F-4F52-BFE6-E2ED6E77264A}.Debug|x64.ActiveCfg = Debug|x64
		{9FE0CC0B-018F-4F52-BFE6-E2ED6E77264A}.Debug|x64.Build.0 = Debug|x64
		{9FE0CC0B-018F-4F52-BFE6-E2ED6E77264A}.Debug|x86.ActiveCfg = Debug|Win32
		{9FE0CC0B-018F-4F52-BFE6-E2ED6E77264A}.Debug|x86.Build.0 = Debug|Win32
		{9FE0CC0B-018F-4F52-BFE6-E2ED6E77264A}.Release|x64.ActiveCfg = Release|x64
		{9FE0CC0B-018F-4F52-BFE6-E2ED6E77264A}.Release|x64.Build.0 = Release|x64
		{9FE0CC0B-018F-4F52-BFE6-E2ED6E77264A}.Release|x86.ActiveCfg = Release|Win32
		{9FE0CC0B-018F-4F52-BFE6-E2ED6E77264A}.Release|x86.Build.0 = Release|Win32
		{F726D98B-6166-4A7C-93AB-E489B96C553E}.Debug|x64.ActiveCfg = Debug|x64
		{F726D98B-6166-4A7C-93AB-E489B96C553E}.Debug|x64.Build.0 = Debug|x64
		{F726D98B-6166-4A7C-93AB-E489B96C553E}.Debug|x86.ActiveCfg = Debug|Win32
		{F726D98B-6166-4A7C-93AB-E489B96C553E}.Debug|x86.Build.0 = Debug|Win32
		{F726D98B-6166-4A7C-93AB-E489B96C553E}.Release|x64.ActiveCfg = Release|x64
		{F726D98B-6166-4A7C-93AB-E489B96C553E}.Release|x64.Build.0 = Release|x64
		{F726D98B-6166-4A7C-93AB-E489B96C553E}.Release|x86.ActiveCfg = Release|Win32
		{F726D98B-6166-4A7C-93AB-E489B96C553E}.Release|x86.Build.0 = Release|Win32
		{C76CA62F-6CB1-446C-A7E7-3ADCE525B805}.Debug|x64.ActiveCfg = Debug|x64
		{C76CA62F-6CB1-446C-A7E7-3ADCE525B805}.Debug|x64.Build.0 = Debug|x64
		{C76CA62F-6CB1-446C-A7E7-3ADCE525B805}.Debug|x86.ActiveCfg = Debug|Win32
		{C76CA62F-6CB1-446C-A7E7-3ADCE525B805}.Debug|x86.Build.0 = Debug|Win32
		{C76CA62F-6CB1-446C-A7E7-3ADCE525B805}.Release|x64.ActiveCfg = Release|x64
		{C76CA62F-6CB1-446C-A7E7-3ADCE525B805}.Release|x64.Build.0 = Release|x64
		{C76CA62F-6CB1-446C-A7E7-3ADCE525B805}.Release|x86.ActiveCfg = Release|Win32
		{C76CA62F-6CB1-446C-A7E7-3ADCE525B805}.Release|x86.Build.0 = Release|Win32
		{8CBE6309-804F-4D43-850A-B6CA93F1E6FC}.Debug|x64.ActiveCfg = Debug|x64
		{8CBE6309-804F-4D43-850A-B6CA93F1E6FC}.Debug|x64.Build.0 = Debug|x64
		{8CBE6309-804F-4D43-850A-B6CA93F1E6FC}.Debug|x86.ActiveCfg = Debug|Win32
		{8CBE6309-804F-4D43-850A-B6CA93F1E6FC}.Debug|x86.Build.0 = Debug|Win32
		{8CBE6309-804F-4D43-850A-B6CA93F1E6FC}.Release|x64.ActiveCfg = Release|x64
		{8CBE6309-804F-4D43-850A-B6CA93F1E6FC}.Release|x64.Build.0 = Release|x64
		{8CBE6309-804F-4D43-850A-B6CA93F1E6FC}.Release|x86.ActiveCfg = Release|Win32
		{8CBE6309-804F-4D43-850A-B6CA93F1E6FC}.Release|x86.Build.0 = Release|Win32
		{118D88E5-A8F8-4C9D-8C42-0F1F02198E69}.Debug|x64.ActiveCfg = Debug|x64
		{118D88E5-A8F8-4C9D-8C42-0F1F02198E69}.Debug|x64.Build.0 = Debug|x64
		{118D88E5-A8F8-4C9D-8C42-0F1F02198E69}.Debug|x86.ActiveCfg = Debug|Win32
		{118D88E5-A8F8-4C9D-8C42-0F1F02198E69}.Debug|x86.Build.0 = Debug|Win32
		{118D88E5-A8F8-4C9D-8C42-0F1F02198E69}.Release|x64.ActiveCfg = Release|x64
		{118D88E5-A8F8-4C9D-8C42-0F1F02198E69}.Release|x64.Build.0 = Release|x64
		{118D88E5-A8F8-4C9D-8C42-0F1F02198E69}.Release|x86.ActiveCfg = Release|Win32
		{118D88E5-A8F8-4C9D-8C42-0F1F02198E69}.Release|x86.Build.0 = Release|Win32
		{288DAFA3-96FB-454D-BFE1-BFA970709FF5}.Debug|x64.ActiveCfg = Debug|x64
		{288DAFA3-96FB-454D-BFE1-BFA970709FF5}.Debug|x64.Build.0 = Debug|x64
		{288DAFA3-96FB-454D-BFE1-BFA970709FF5}.Debug|x86.ActiveCfg = Debug|Win32
		{288DAFA3-96FB-454D-BFE1-BFA970709FF5}.Debug|x86.Build.0 = Debug|Win32
		{288DAFA3-96FB-454D-BFE1-BFA970709FF5}.Release|x64.ActiveCfg = Release|x64
		{288DAFA3-96FB-454D-BFE1-BFA970709FF5}.Release|x64.Build.0 = Release|x64
		{288DAFA3-96FB-454D-BFE1-BFA970709FF5}.Release|x86.ActiveCfg = Release|Win32
		{288DAFA3-96FB-454D-BFE1-BFA970709FF5}.Release|x86.Build.0 = Release|Win32
		{02E6F1FC-6085-4CD8-93BD-FCEF71035F66}.Debug|x64.ActiveCfg = Debug|x64
		{02E6F1FC-6085-4CD8-93BD-FCEF71035F66}.Debug|x64.Build.0 = Debug|x64
		{02E6F1FC-6085-4CD8-93BD-FCEF71035F66}.Debug|x86.ActiveCfg = Debug|Win32
		{02E6F1FC-6085-4CD8-93BD-FCEF71035F66}.Debug|x86.Build.0 = Debug|Win32
		{02E6F1FC-6085-4CD8-93BD-FCEF71035F66}.Release|x64.ActiveCfg = Release|x64
		{02E6F1FC-6085-4CD8-93BD-FCEF71035F66}.Release|x64.Build.0 = Release|x64
		{02E6F1FC-6085-4CD8-93BD-FCEF71035F66}.Release|x86.ActiveCfg = Release|Win32
		{02E6F1FC-6085-4CD8-93BD-FCEF71035F66}.Release|x86.Build.0 = Release|Win32
		{FA70E908-91BC-495C-9512-A3FBBA0CAC67}.Debug|x64.ActiveCfg = Debug|x64
		{FA70E908-91BC-495C-9512-A3FBBA0CAC67}.Debug|x64.Build.0 = Debug|x64
		{FA70E908-91BC-495C-9512-A3FBBA0CAC67}.Debug|x86.ActiveCfg = Debug|Win32
		{FA70E908-91BC-495C-9512-A3FBBA0CAC67}.Debug|x86.Build.0 = Debug|Win32
		{FA70E908-91BC-495C-9512-A3FBBA0CAC67}.Release|x64.ActiveCfg = Release|x64
		{FA70E908-91BC-495C-9512-A3FBBA0CAC67}.Release|x64.Build.0 = Release|x64
		{FA70E908-91BC-495C-9512-A3FBBA0CAC67}.Release|x86.ActiveCfg = Release|Win32
		{FA70E908-91BC-495C-9512-A3FBBA0CAC67}.Release|x86.Build.0 = Release|Win32
		{06135AF6-9D89-4918-B712-6499BB21AFD0}.Debug|x64.ActiveCfg = Debug|x64
		{06135AF6-9D89-4918-B712-6499BB21AFD0}.Debug|x64.Build.0 = Debug|x64
		{06135AF6-9D89-4918-B712-6499BB21AFD0}.Debug|x86.ActiveCfg = Debug|Win32
		{06135AF6-9D89-4918-B712-6499BB21AFD0}.Debug|x86.Build.0 = Debug|Win32
		{06135AF6-9D89-4918-B712-6499BB21AFD0}.Release|x64.ActiveCfg = Release|x64
		{06135AF6-9D89-4918-B712-6499BB21AFD0}.Release|x64.Build.0 = Release|x64
		{06135AF6-9D89-4918-B712-6499BB21AFD0}.Release|x86.ActiveCfg = Release|Win32
		{06135AF6-9D89-4918-B712-6499BB21AFD0}.Release|x86.Build.0 = Release|Win32
		{3F0E2515-A520-4B68-B872-141DA2B0E3E2}.Debug|x64.ActiveCfg = Debug|x64
		{3F0E2515-A520-4B68-B872-141DA2B0E3E2}.Debug|x64.Build.0 = Debug|x64
		{3F0E2515-A520-4B68-B872-141DA2B0E3E2}.Debug|x86.ActiveCfg = Debug|Win32
		{3F0E2515-A520-4B68-B872-141DA2B0E3E2}.Debug|x86.Build.0 = Debug|Win32
		{3F0E2515-A520-4B68-B872-141DA2B0E3E2}.Release|x64.ActiveCfg = Release|x64
		{3F0E2515-A520-4B68-B872-141DA2B0E3E2}.Release|x64.Build.0 = Release|x64
		{3F0E2515-A520-4B68-B872-141DA2B0E3E2}.Release|x86.ActiveCfg = Release|Win32
		{3F0E2515-A520-4B68-B872-141DA2B0E3E2}.Release|x86.Build.0 = Release|Win32
		{4B850D5B-F51F-4A8A-9587-6358B47496C0}.Debug|x64.ActiveCfg = Debug|x64
		{4B850D5B-F51F-4A8A-9587-6358B47496C0}.Debug|x64.Build.0 = Debug|x64
		{4B850D5B-F51F-4A8A-9587-6358B47496C0}.Debug|x86.ActiveCfg = Debug|Win32
		{4B850D5B-F51F-4A8A-9587-6358B47496C0}.Debug|x86.Build.0 = Debug|Win32
		{4B850D5B-F51F-4A8A-9587-6358B47496C0}.Release|x64.ActiveCfg = Release|x64
		{4B850D5B-F51F-4A8A-9587-6358B47496C0}.Release|x64.Build.0 = Release|x64
		{4B850D5B-F51F-4A8A-9587-6358B47496C0}.Release|x86.ActiveCfg = Release|Win32
		{4B850D5B-F51F-4A8A-9587-6358B47496C0}.Release|x86.Build.0 = Release|Win32
		{70B24125-103F-475C-BE21-E84C3EF4307E}.Debug|x64.ActiveCfg = Debug|x64
		{70B24125-103F-475C-BE21-E84C3EF4307E}.Debug|x64.Build.0 = Debug|x64
		{70B24125-103F-475C-BE21-E84C3EF4307E}.Debug|x86.ActiveCfg = Debug|Win32
		{70B24125-103F-475C-BE21-E84C3EF4307E}.Debug|x86.Build.0 = Debug|Win32
		{70B24125-103F-475C-BE21-E84C3EF4307E}.Release|x64.ActiveCfg = Release|x64
		{70B24125-103F-475C-BE21-E84C3EF4307E}.Release|x64.Build.0 = Release|x64
		{70B24125-103F-475C-BE21-E84C3EF4307E}.Release|x86.ActiveCfg = Release|Win32
		{70B24125-103F-475C-BE21-E84C3EF4307E}.Release|x86.Build.0 = Release|Win32
		{00679693-1789-4FEF-854F-1FE79DCD73BE}.Debug|x64.ActiveCfg = Debug|x64
		{00679693-1789-4FEF-854F-1FE79DCD73BE}.Debug|x64.Build.0 = Debug|x64
		{00679693-1789-4FEF-854F-1FE79DCD73BE}.Debug|x86.ActiveCfg = Debug|Win32
		{00679693-1789-4FEF-854F-1FE79DCD73BE}.Debug|x86.Build.0 = Debug|Win32
		{00679693-1789-4FEF-854F-1FE79DCD73BE}.Release|x64.ActiveCfg = Release|x64
		{00679693-1789-4FEF-854F-1FE79DCD73BE}.Release|x64.Build.0 = Release|x64
		{00679693-1789-4FEF-854F-1FE79DCD73BE}.Release|x86.ActiveCfg = Release|Win32
		{00679693-1789-4FEF-854F-1FE79DCD73BE}.Release|x86.Build.0 = Release|Win32
		{941B0B79-FE8C-4E53-9F9E-D4FFB7F83763}.Debug|x64.ActiveCfg = Debug|x64
		{941B0B79-FE8C-4E53-9F9E-D4FFB7F83763}.Debug|x64.Build.0 = Debug|x64
		{941B0B79-FE8C-4E53-9F9E-D4FFB7F83763}.Debug|x86.ActiveCfg = Debug|Win32
		{941B0B79-FE8C-4E53-9F9E-D4FFB7F83763}.Debug|x86.Build.0 = Debug|Win32
		{941B0B79-FE8C-4E53-9F9E-D4FFB7F83763}.Release|x64.ActiveCfg = Release|x64
		{941B0B79-FE8C-4E53-9F9E-D4FFB7F83763}.Release|x64.Build.0 = Release|x64
		{941B0B79-FE8C-4E53-9F9E-D4FFB7F83763}.Release|x86.ActiveCfg = Release|Win32
		{941B0B79-FE8C-4E53-9F9E-D4FFB7F83763}.Release|x86.Build.0 = Release|Win32
		{DEF2EC0E-E176-45A4-B27E-EFC2DBF5EDCF}.Debug|x64.ActiveCfg = Debug|x64
		{DEF2EC0E-E176-45A4-B27E-EFC2DBF5EDCF}.Debug|x64.Build.0 = Debug|x64
		{DEF2EC0E-E176-45A4-B27E-EFC2DBF5EDCF}.Debug|x86.ActiveCfg = Debug|Win32
		{DEF2EC0E-E176-45A4-B27E-EFC2DBF5EDCF}.Debug|x86.Build.0 = Debug|Win32
		{DEF2EC0E-E176-45A4-B27E-EFC2DBF5EDCF}.Release|x64.ActiveCfg = Release|x64
		{DEF2EC0E-E176-45A4-B27E-EFC2DBF5EDCF}.Release|x64.Build.0 = Release|x64
		{DEF2EC0E-E176-45A4-B27E-EFC2DBF5EDCF}.Release|x86.ActiveCfg = Release|Win32
		{DEF2EC0E-E176-45A4-B27E-EFC2DBF5EDCF}.Release|x86.Build.0 = Release|Win32
		{DA7C790A-7847-479B-9724-7D45EAC8AD08}.Debug|x64.ActiveCfg = Debug|x64
		{DA7C790A-7847-479B-9724-7D45EAC8AD08}.Debug|x64.Build.0 = Debug|x64
		{DA7C790A-7847-479B-9724-7D45EAC8AD08}.Debug|x86.ActiveCfg = Debug|Win32
		{DA7C790A-7847-479B-9724-7D45EAC8AD08}.Debug|x86.Build.0 = Debug|Win32
		{DA7C790A-7847-479B-9724-7D45EAC8AD08}.Release|x64.ActiveCfg = Release|x64
		{DA7C790A-7847-479B-9724-7D45EAC8AD08}.Release|x64.Build.0 = Release|x64
		{DA7C790A-7847-479B-9724-7D45EAC8AD08}.Release|x86.ActiveCfg = Release|Win32
		{DA7C790A-7847-479B-9724-7D45EAC8AD08}.Release|x86.Build.0 = Release|Win32
		{5F20E57D-3821-4462-BF9A-65A4C8673B04}.Debug|x64.ActiveCfg = Debug|x64
		{5F20E57D-3821-4462-BF9A-65A4C8673B04}.Debug|x64.Build.0 = Debug|x64
		{5F20E57D-3821-4462-BF9A-65A4C8673B04}.Debug|x86.ActiveCfg = Debug|Win32
		{5F20E57D-3821-4462-BF9A-65A4C8673B04}.Debug|x86.Build.0 = Debug|Win32
		{5F20E57D-3821-4462-BF9A-65A4C8673B04}.Release|x64.ActiveCfg = Release|x64
		{5F20E57D-3821-4462-BF9A-65A4C8673B04}.Release|x64.Build.0 = Release|x64
		{5F20E57D-3821-4462-BF9A-65A4C8673B04}.Release|x86.ActiveCfg = Release|Win32
		{5F20E57D-3821-4462-BF9A-65A4C8673B04}.Release|x86.Build.0 = Release|Win32
		{D0A5DF8F-1D86-4C60-9784-D84706BBA43F}.Debug|x64.ActiveCfg = Debug|x64
		{D0A5DF8F-1D86-4C60-9784-D84706BBA43F}.Debug|x64.Build.0 = Debug|x64
		{D0A5DF8F-1D86-4C60-9784-D84706BBA43F}.Debug|x86.ActiveCfg = Debug|Win32
		{D0A5DF8F-1D86-4C60-9784-D84706BBA43F}.Debug|x86.Build.0 = Debug|Win32
		{D0A5DF8F-1D86-4C60-9784-D84706BBA43F}.Release|x64.ActiveCfg = Release|x64
		{D0A5DF8F-1D86-4C60-9784-D84706BBA43F}.Release|x64.Build.0 = Release|x64
		{D0A5DF8F-1D86-4C60-9784-D84706BBA43F}.Release|x86.ActiveCfg = Release|Win32
		{D0A5DF8F-1D86-4C60-9784-D84706BBA43F}.Release|x86.Build.0 = Release|Win32
		{77D04749-3226-404C-9268-40B22481AD2A}.Debug|x64.ActiveCfg = Debug|x64
		{77D04749-3226-404C-9268-40B22481AD2A}.Debug|x64.Build.0 = Debug|x64
		{77D04749-3226-404C-9268-40B22481AD2A}.Debug|x86.ActiveCfg = Debug|Win32
		{77D04749-3226-404C-9268-40B22481AD2A}.Debug|x86.Build.0 = Debug|Win32
		{77D04749-3226-404C-9268-40B22481AD2A}.Release|x64.ActiveCfg = Release|x64
		{77D04749-3226-404C-9268-40B22481AD2A}.Release|x64.Build.0 = Release|x64
		{77D04749-3226-404C-9268-40B22481AD2A}.Release|x86.ActiveCfg = Release|Win32
		{77D04749-3226-404C-9268-40B22481AD2A}.Release|x86.Build.0 = Release|Win32
	EndGlobalSection
	GlobalSection(SolutionProperties) = preSolution
		HideSolutionNode = FALSE
	EndGlobalSection
	GlobalSection(ExtensibilityGlobals) = postSolution
		SolutionGuid = {771B76DA-8AD9-43C1-BC71-118A3A758966}
	EndGlobalSection
EndGlobal
