<?xml version="1.0" encoding="utf-8"?>
<Project ToolsVersion="4.0" xmlns="http://schemas.microsoft.com/developer/msbuild/2003">
  <ItemGroup>
    <Filter Include="源文件">
      <UniqueIdentifier>{4FC737F1-C7A5-4376-A066-2A32D752A2FF}</UniqueIdentifier>
      <Extensions>cpp;c;cc;cxx;c++;cppm;ixx;def;odl;idl;hpj;bat;asm;asmx</Extensions>
    </Filter>
    <Filter Include="头文件">
      <UniqueIdentifier>{93995380-89BD-4b04-88EB-625FBE52EBFB}</UniqueIdentifier>
      <Extensions>h;hh;hpp;hxx;h++;hm;inl;inc;ipp;xsd</Extensions>
    </Filter>
    <Filter Include="资源文件">
      <UniqueIdentifier>{67DA6AB6-F800-4c08-8B7A-83BB121AAD01}</UniqueIdentifier>
      <Extensions>rc;ico;cur;bmp;dlg;rc2;rct;bin;rgs;gif;jpg;jpeg;jpe;resx;tiff;tif;png;wav;mfcribbon-ms</Extensions>
    </Filter>
  </ItemGroup>
  <ItemGroup>
    <ClInclude Include="Camera\Camera.h">
      <Filter>头文件</Filter>
    </ClInclude>
    <ClInclude Include="GUI\Panel\HierarchyPanel.h">
      <Filter>头文件</Filter>
    </ClInclude>
    <ClInclude Include="GUI\Panel\InspectorPanel.h">
      <Filter>头文件</Filter>
    </ClInclude>
    <ClInclude Include="GUI\Panel\Panel.h">
      <Filter>头文件</Filter>
    </ClInclude>
    <ClInclude Include="GUI\Panel\ViewportPanel.h">
      <Filter>头文件</Filter>
    </ClInclude>
    <ClInclude Include="GUI\GUI.h">
      <Filter>头文件</Filter>
    </ClInclude>
    <ClInclude Include="Editor.h">
      <Filter>头文件</Filter>
    </ClInclude>
    <ClInclude Include="GUI\ImGui\imconfig.h">
      <Filter>头文件</Filter>
    </ClInclude>
    <ClInclude Include="GUI\ImGui\imgui.h">
      <Filter>头文件</Filter>
    </ClInclude>
    <ClInclude Include="GUI\ImGui\imgui_internal.h">
      <Filter>头文件</Filter>
    </ClInclude>
    <ClInclude Include="GUI\ImGui\Backends\imgui_impl_glfw.h">
      <Filter>头文件</Filter>
    </ClInclude>
    <ClInclude Include="GUI\ImGui\Backends\imgui_impl_opengl3.h">
      <Filter>头文件</Filter>
    </ClInclude>
    <ClInclude Include="GUI\Panel\ConsolePanel.h">
      <Filter>头文件</Filter>
    </ClInclude>
    <ClInclude Include="GUI\Panel\ProfilerPanel.h">
      <Filter>头文件</Filter>
    </ClInclude>
    <ClInclude Include="GUI\Panel\PreferencesPanel.h">
      <Filter>头文件</Filter>
    </ClInclude>
    <ClInclude Include="GUI\Panel\ProjectPanel.h">
      <Filter>头文件</Filter>
    </ClInclude>
    <ClInclude Include="GUI\IconFontCppHeaders\IconsFontAwesome6.h">
      <Filter>头文件</Filter>
    </ClInclude>
    <ClInclude Include="Common\EngineState.h">
      <Filter>头文件</Filter>
    </ClInclude>
    <ClInclude Include="API\def.h">
      <Filter>头文件</Filter>
    </ClInclude>
    <ClInclude Include="Profiler\Profiler.h">
      <Filter>头文件</Filter>
    </ClInclude>
    <ClInclude Include="Profiler\FrameState.h">
      <Filter>头文件</Filter>
    </ClInclude>
    <ClInclude Include="Profiler\TimeState.h">
      <Filter>头文件</Filter>
    </ClInclude>
    <ClInclude Include="Profiler\RenderState.h">
      <Filter>头文件</Filter>
    </ClInclude>
    <ClInclude Include="GUI\Panel\GameViewportPanel.h">
      <Filter>头文件</Filter>
    </ClInclude>
    <ClInclude Include="GUI\Panel\SceneViewportPanel.h">
      <Filter>头文件</Filter>
    </ClInclude>
    <ClInclude Include="GUI\ImGui\ImGuizmo\ImGuizmo.h">
      <Filter>头文件</Filter>
    </ClInclude>
    <ClInclude Include="Common\TransformTool.h">
      <Filter>头文件</Filter>
    </ClInclude>
    <ClInclude Include="StateMachine\StateMachine.h">
      <Filter>头文件</Filter>
    </ClInclude>
    <ClInclude Include="GUI\Panel\UtilsPanel.h">
      <Filter>头文件</Filter>
    </ClInclude>
    <ClInclude Include="GUI\FileDialog\Tinyfiledialogs\tinyfiledialogs.h">
      <Filter>头文件</Filter>
    </ClInclude>
    <ClInclude Include="GUI\Utils\Color.h">
      <Filter>头文件</Filter>
    </ClInclude>
  </ItemGroup>
  <ItemGroup>
    <ClCompile Include="Camera\Camera.cpp">
      <Filter>源文件</Filter>
    </ClCompile>
    <ClCompile Include="GUI\GUI.cpp">
      <Filter>源文件</Filter>
    </ClCompile>
    <ClCompile Include="Editor.cpp">
      <Filter>源文件</Filter>
    </ClCompile>
    <ClCompile Include="GUI\ImGui\imgui.cpp">
      <Filter>源文件</Filter>
    </ClCompile>
    <ClCompile Include="GUI\ImGui\imgui_draw.cpp">
      <Filter>源文件</Filter>
    </ClCompile>
    <ClCompile Include="GUI\ImGui\imgui_tables.cpp">
      <Filter>源文件</Filter>
    </ClCompile>
    <ClCompile Include="GUI\ImGui\imgui_widgets.cpp">
      <Filter>源文件</Filter>
    </ClCompile>
    <ClCompile Include="GUI\ImGui\Backends\imgui_impl_glfw.cpp">
      <Filter>源文件</Filter>
    </ClCompile>
    <ClCompile Include="GUI\ImGui\Backends\imgui_impl_opengl3.cpp">
      <Filter>源文件</Filter>
    </ClCompile>
    <ClCompile Include="Profiler\Profiler.cpp">
      <Filter>源文件</Filter>
    </ClCompile>
    <ClCompile Include="GUI\Panel\ProfilerPanel.cpp">
      <Filter>源文件</Filter>
    </ClCompile>
    <ClCompile Include="GUI\ImGui\ImGuizmo\ImGuizmo.cpp">
      <Filter>源文件</Filter>
    </ClCompile>
    <ClCompile Include="GUI\Panel\SceneViewportPanel.cpp">
      <Filter>源文件</Filter>
    </ClCompile>
    <ClCompile Include="GUI\Panel\InspectorPanel.cpp">
      <Filter>源文件</Filter>
    </ClCompile>
    <ClCompile Include="GUI\Panel\HierarchyPanel.cpp">
      <Filter>源文件</Filter>
    </ClCompile>
    <ClCompile Include="StateMachine\StateMachine.cpp">
      <Filter>源文件</Filter>
    </ClCompile>
    <ClCompile Include="GUI\Panel\UtilsPanel.cpp">
      <Filter>源文件</Filter>
    </ClCompile>
    <ClCompile Include="GUI\FileDialog\Tinyfiledialogs\tinyfiledialogs.c">
      <Filter>源文件</Filter>
    </ClCompile>
  </ItemGroup>
</Project>